<Solution>
  <Folder Name="/Solution Items/">
    <File Path=".editorconfig" />
    <File Path=".github/workflows/build.yml" />
    <File Path=".gitignore" />
    <File Path="Directory.Build.props" />
    <File Path="Directory.Packages.props" />
    <File Path="GitVersion.yml" />
    <File Path="global.json" />
    <File Path="LICENSE.txt" />
    <File Path="publish.ps1" />
    <File Path="README.md" />
  </Folder>
  <Project Path="src/SyntaxCircus.Storage/SyntaxCircus.Storage.csproj" />
  <Project Path="tests/SyntaxCircus.Storage.Tests/SyntaxCircus.Storage.Tests.csproj" />
</Solution>
